// !$*UTF8*$!
{
	archiveVersion = 1;
	classes = {
	};
	objectVersion = 46;
	objects = {

/* Begin PBXBuildFile section */
		000027100000000562001070 /* PebCiti-Pebble.c in Sources */ = {isa = PBXBuildFile; fileRef = 000027100000000562001052 /* PebCiti-Pebble.c */; };
/* End PBXBuildFile section */

/* Begin PBXFileReference section */
		000027100000000562001052 /* PebCiti-Pebble.c */ = {isa = PBXFileReference; fileEncoding = 4; lastKnownFileType = sourcecode.c.c; name = "PebCiti-Pebble.c"; path = "src/PebCiti-Pebble.c"; sourceTree = "<group>"; };
		84215BBF181D3981008E04FA /* index_dummy.app */ = {isa = PBXFileReference; explicitFileType = wrapper.application; includeInIndex = 0; path = index_dummy.app; sourceTree = BUILT_PRODUCTS_DIR; };
		84215BC1181D3981008E04FA /* clar_tests.octest */ = {isa = PBXFileReference; explicitFileType = wrapper.cfbundle; includeInIndex = 0; path = clar_tests.octest; sourceTree = BUILT_PRODUCTS_DIR; };
		84215BC2181D39BF008E04FA /* appinfo.json */ = {isa = PBXFileReference; lastKnownFileType = text.json; path = appinfo.json; sourceTree = "<group>"; };
/* End PBXFileReference section */

/* Begin PBXGroup section */
		000027100000000562001003 /* PebCiti-Pebble */ = {
			isa = PBXGroup;
			children = (
				000027100000000562001052 /* PebCiti-Pebble.c */,
				84215BC2181D39BF008E04FA /* appinfo.json */,
				84215BC0181D3981008E04FA /* Products */,
			);
			name = "PebCiti-Pebble";
			path = ../;
			sourceTree = "<group>";
		};
		84215BC0181D3981008E04FA /* Products */ = {
			isa = PBXGroup;
			children = (
				84215BBF181D3981008E04FA /* index_dummy.app */,
				84215BC1181D3981008E04FA /* clar_tests.octest */,
			);
			name = Products;
			sourceTree = "<group>";
		};
/* End PBXGroup section */

/* Begin PBXLegacyTarget section */
		000027100000000562001005 /* all_targets */ = {
			isa = PBXLegacyTarget;
			buildArgumentsString = "$(ACTION)";
			buildConfigurationList = 000027100000000562001007 /* Build configuration list for PBXLegacyTarget "all_targets" */;
			buildPhases = (
			);
			buildToolPath = "./waf-xcode.sh";
			buildWorkingDirectory = "";
			dependencies = (
			);
			name = all_targets;
			passBuildSettingsInEnvironment = 1;
			productName = all_targets;
		};
		000027100000000562001008 /* resource_map.json */ = {
			isa = PBXLegacyTarget;
			buildArgumentsString = "$(ACTION)";
			buildConfigurationList = 000027100000000562001010 /* Build configuration list for PBXLegacyTarget "resource_map.json" */;
			buildPhases = (
			);
			buildToolPath = "./waf-xcode.sh";
			buildWorkingDirectory = "";
			dependencies = (
			);
			name = resource_map.json;
			passBuildSettingsInEnvironment = 1;
			productName = resource_map.json;
		};
		000027100000000562001011 /* app_resources.pbpack.data */ = {
			isa = PBXLegacyTarget;
			buildArgumentsString = "$(ACTION)";
			buildConfigurationList = 000027100000000562001013 /* Build configuration list for PBXLegacyTarget "app_resources.pbpack.data" */;
			buildPhases = (
			);
			buildToolPath = "./waf-xcode.sh";
			buildWorkingDirectory = "";
			dependencies = (
			);
			name = app_resources.pbpack.data;
			passBuildSettingsInEnvironment = 1;
			productName = app_resources.pbpack.data;
		};
		000027100000000562001014 /* app_resources.pbpack.table */ = {
			isa = PBXLegacyTarget;
			buildArgumentsString = "$(ACTION)";
			buildConfigurationList = 000027100000000562001016 /* Build configuration list for PBXLegacyTarget "app_resources.pbpack.table" */;
			buildPhases = (
			);
			buildToolPath = "./waf-xcode.sh";
			buildWorkingDirectory = "";
			dependencies = (
			);
			name = app_resources.pbpack.table;
			passBuildSettingsInEnvironment = 1;
			productName = app_resources.pbpack.table;
		};
		000027100000000562001017 /* app_resources.pbpack.manifest */ = {
			isa = PBXLegacyTarget;
			buildArgumentsString = "$(ACTION)";
			buildConfigurationList = 000027100000000562001019 /* Build configuration list for PBXLegacyTarget "app_resources.pbpack.manifest" */;
			buildPhases = (
			);
			buildToolPath = "./waf-xcode.sh";
			buildWorkingDirectory = "";
			dependencies = (
			);
			name = app_resources.pbpack.manifest;
			passBuildSettingsInEnvironment = 1;
			productName = app_resources.pbpack.manifest;
		};
		000027100000000562001020 /* app_resources.pbpack */ = {
			isa = PBXLegacyTarget;
			buildArgumentsString = "$(ACTION)";
			buildConfigurationList = 000027100000000562001022 /* Build configuration list for PBXLegacyTarget "app_resources.pbpack" */;
			buildPhases = (
			);
			buildToolPath = "./waf-xcode.sh";
			buildWorkingDirectory = "";
			dependencies = (
			);
			name = app_resources.pbpack;
			passBuildSettingsInEnvironment = 1;
			productName = app_resources.pbpack;
		};
		000027100000000562001023 /* resource_ids.auto.h */ = {
			isa = PBXLegacyTarget;
			buildArgumentsString = "$(ACTION)";
			buildConfigurationList = 000027100000000562001025 /* Build configuration list for PBXLegacyTarget "resource_ids.auto.h" */;
			buildPhases = (
			);
			buildToolPath = "./waf-xcode.sh";
			buildWorkingDirectory = "";
			dependencies = (
			);
			name = resource_ids.auto.h;
			passBuildSettingsInEnvironment = 1;
			productName = resource_ids.auto.h;
		};
		000027100000000562001026 /* pebble-app.elf */ = {
			isa = PBXLegacyTarget;
			buildArgumentsString = "$(ACTION)";
			buildConfigurationList = 000027100000000562001028 /* Build configuration list for PBXLegacyTarget "pebble-app.elf" */;
			buildPhases = (
			);
			buildToolPath = "./waf-xcode.sh";
			buildWorkingDirectory = "";
			dependencies = (
			);
			name = "pebble-app.elf";
			passBuildSettingsInEnvironment = 1;
			productName = "pebble-app.elf";
		};
		000027100000000562001029 /* pebble-app.raw.bin */ = {
			isa = PBXLegacyTarget;
			buildArgumentsString = "$(ACTION)";
			buildConfigurationList = 000027100000000562001031 /* Build configuration list for PBXLegacyTarget "pebble-app.raw.bin" */;
			buildPhases = (
			);
			buildToolPath = "./waf-xcode.sh";
			buildWorkingDirectory = "";
			dependencies = (
			);
			name = "pebble-app.raw.bin";
			passBuildSettingsInEnvironment = 1;
			productName = "pebble-app.raw.bin";
		};
		000027100000000562001032 /* inject-metadata */ = {
			isa = PBXLegacyTarget;
			buildArgumentsString = "$(ACTION)";
			buildConfigurationList = 000027100000000562001034 /* Build configuration list for PBXLegacyTarget "inject-metadata" */;
			buildPhases = (
			);
			buildToolPath = "./waf-xcode.sh";
			buildWorkingDirectory = "";
			dependencies = (
			);
			name = "inject-metadata";
			passBuildSettingsInEnvironment = 1;
			productName = "inject-metadata";
		};
		000027100000000562001035 /* PebCiti-Pebble.pbw */ = {
			isa = PBXLegacyTarget;
			buildArgumentsString = "$(ACTION)";
			buildConfigurationList = 000027100000000562001037 /* Build configuration list for PBXLegacyTarget "PebCiti-Pebble.pbw" */;
			buildPhases = (
			);
			buildToolPath = "./waf-xcode.sh";
			buildWorkingDirectory = "";
			dependencies = (
			);
			name = "PebCiti-Pebble.pbw";
			passBuildSettingsInEnvironment = 1;
			productName = "PebCiti-Pebble.pbw";
		};
/* End PBXLegacyTarget section */

/* Begin PBXNativeTarget section */
		000027100000000562001065 /* index_dummy */ = {
			isa = PBXNativeTarget;
			buildConfigurationList = 000027100000000562001067 /* Build configuration list for PBXNativeTarget "index_dummy" */;
			buildPhases = (
				000027100000000562001069 /* Sources */,
			);
			buildRules = (
			);
			dependencies = (
			);
			name = index_dummy;
			productName = index_dummy;
			productReference = 84215BBF181D3981008E04FA /* index_dummy.app */;
			productType = "com.apple.product-type.application";
		};
		000027100000000562001071 /* clar_tests */ = {
			isa = PBXNativeTarget;
			buildConfigurationList = 000027100000000562001077 /* Build configuration list for PBXNativeTarget "clar_tests" */;
			buildPhases = (
				000027100000000562001074 /* ShellScript */,
			);
			buildRules = (
			);
			dependencies = (
			);
			name = clar_tests;
			productName = clar_tests;
			productReference = 84215BC1181D3981008E04FA /* clar_tests.octest */;
			productType = "com.apple.product-type.bundle";
		};
/* End PBXNativeTarget section */

/* Begin PBXProject section */
		000027100000000562001000 /* Project object */ = {
			isa = PBXProject;
			attributes = {
				LastUpgradeCheck = 0500;
			};
			buildConfigurationList = 000027100000000562001002 /* Build configuration list for PBXProject "PebCiti-Pebble" */;
			compatibilityVersion = "Xcode 3.2";
			developmentRegion = English;
			hasScannedForEncodings = 1;
			knownRegions = (
				en,
			);
			mainGroup = 000027100000000562001003 /* PebCiti-Pebble */;
			productRefGroup = 84215BC0181D3981008E04FA /* Products */;
			projectDirPath = "";
			projectRoot = "";
			targets = (
				000027100000000562001005 /* all_targets */,
				000027100000000562001008 /* resource_map.json */,
				000027100000000562001011 /* app_resources.pbpack.data */,
				000027100000000562001014 /* app_resources.pbpack.table */,
				000027100000000562001017 /* app_resources.pbpack.manifest */,
				000027100000000562001020 /* app_resources.pbpack */,
				000027100000000562001023 /* resource_ids.auto.h */,
				000027100000000562001026 /* pebble-app.elf */,
				000027100000000562001029 /* pebble-app.raw.bin */,
				000027100000000562001032 /* inject-metadata */,
				000027100000000562001035 /* PebCiti-Pebble.pbw */,
				000027100000000562001065 /* index_dummy */,
				000027100000000562001071 /* clar_tests */,
			);
		};
/* End PBXProject section */

/* Begin PBXShellScriptBuildPhase section */
		000027100000000562001074 /* ShellScript */ = {
			isa = PBXShellScriptBuildPhase;
			buildActionMask = 2147483647;
			files = (
			);
			inputPaths = (
			);
			outputPaths = (
			);
			runOnlyForDeploymentPostprocessing = 0;
			shellPath = /bin/sh;
			shellScript = "export ACTION=test\n./waf-xcode.sh";
		};
/* End PBXShellScriptBuildPhase section */

/* Begin PBXSourcesBuildPhase section */
		000027100000000562001069 /* Sources */ = {
			isa = PBXSourcesBuildPhase;
			buildActionMask = 2147483647;
			files = (
				000027100000000562001070 /* PebCiti-Pebble.c in Sources */,
			);
			runOnlyForDeploymentPostprocessing = 0;
		};
/* End PBXSourcesBuildPhase section */

/* Begin XCBuildConfiguration section */
		000027100000000562001001 /* waf */ = {
			isa = XCBuildConfiguration;
			buildSettings = {
			};
			name = waf;
		};
		000027100000000562001006 /* waf */ = {
			isa = XCBuildConfiguration;
			buildSettings = {
			};
			name = waf;
		};
		000027100000000562001009 /* waf */ = {
			isa = XCBuildConfiguration;
			buildSettings = {
			};
			name = waf;
		};
		000027100000000562001012 /* waf */ = {
			isa = XCBuildConfiguration;
			buildSettings = {
			};
			name = waf;
		};
		000027100000000562001015 /* waf */ = {
			isa = XCBuildConfiguration;
			buildSettings = {
			};
			name = waf;
		};
		000027100000000562001018 /* waf */ = {
			isa = XCBuildConfiguration;
			buildSettings = {
			};
			name = waf;
		};
		000027100000000562001021 /* waf */ = {
			isa = XCBuildConfiguration;
			buildSettings = {
			};
			name = waf;
		};
		000027100000000562001024 /* waf */ = {
			isa = XCBuildConfiguration;
			buildSettings = {
			};
			name = waf;
		};
		000027100000000562001027 /* waf */ = {
			isa = XCBuildConfiguration;
			buildSettings = {
			};
			name = waf;
		};
		000027100000000562001030 /* waf */ = {
			isa = XCBuildConfiguration;
			buildSettings = {
			};
			name = waf;
		};
		000027100000000562001033 /* waf */ = {
			isa = XCBuildConfiguration;
			buildSettings = {
			};
			name = waf;
		};
		000027100000000562001036 /* waf */ = {
			isa = XCBuildConfiguration;
			buildSettings = {
			};
			name = waf;
		};
		000027100000000562001066 /* waf */ = {
			isa = XCBuildConfiguration;
			buildSettings = {
				COMBINE_HIDPI_IMAGES = YES;
				CONFIGURATION_BUILD_DIR = "";
				HEADER_SEARCH_PATHS = "$(SRCROOT)/../src/**";
				PRODUCT_NAME = index_dummy;
			};
			name = waf;
		};
		000027100000000562001076 /* waf */ = {
			isa = XCBuildConfiguration;
			buildSettings = {
				COMBINE_HIDPI_IMAGES = YES;
				PRODUCT_NAME = "$(TARGET_NAME)";
				WRAPPER_EXTENSION = octest;
			};
			name = waf;
		};
/* End XCBuildConfiguration section */

/* Begin XCConfigurationList section */
		000027100000000562001002 /* Build configuration list for PBXProject "PebCiti-Pebble" */ = {
			isa = XCConfigurationList;
			buildConfigurations = (
				000027100000000562001001 /* waf */,
			);
			defaultConfigurationIsVisible = 0;
			defaultConfigurationName = waf;
		};
		000027100000000562001007 /* Build configuration list for PBXLegacyTarget "all_targets" */ = {
			isa = XCConfigurationList;
			buildConfigurations = (
				000027100000000562001006 /* waf */,
			);
			defaultConfigurationIsVisible = 0;
			defaultConfigurationName = waf;
		};
		000027100000000562001010 /* Build configuration list for PBXLegacyTarget "resource_map.json" */ = {
			isa = XCConfigurationList;
			buildConfigurations = (
				000027100000000562001009 /* waf */,
			);
			defaultConfigurationIsVisible = 0;
			defaultConfigurationName = waf;
		};
		000027100000000562001013 /* Build configuration list for PBXLegacyTarget "app_resources.pbpack.data" */ = {
			isa = XCConfigurationList;
			buildConfigurations = (
				000027100000000562001012 /* waf */,
			);
			defaultConfigurationIsVisible = 0;
			defaultConfigurationName = waf;
		};
		000027100000000562001016 /* Build configuration list for PBXLegacyTarget "app_resources.pbpack.table" */ = {
			isa = XCConfigurationList;
			buildConfigurations = (
				000027100000000562001015 /* waf */,
			);
			defaultConfigurationIsVisible = 0;
			defaultConfigurationName = waf;
		};
		000027100000000562001019 /* Build configuration list for PBXLegacyTarget "app_resources.pbpack.manifest" */ = {
			isa = XCConfigurationList;
			buildConfigurations = (
				000027100000000562001018 /* waf */,
			);
			defaultConfigurationIsVisible = 0;
			defaultConfigurationName = waf;
		};
		000027100000000562001022 /* Build configuration list for PBXLegacyTarget "app_resources.pbpack" */ = {
			isa = XCConfigurationList;
			buildConfigurations = (
				000027100000000562001021 /* waf */,
			);
			defaultConfigurationIsVisible = 0;
			defaultConfigurationName = waf;
		};
		000027100000000562001025 /* Build configuration list for PBXLegacyTarget "resource_ids.auto.h" */ = {
			isa = XCConfigurationList;
			buildConfigurations = (
				000027100000000562001024 /* waf */,
			);
			defaultConfigurationIsVisible = 0;
			defaultConfigurationName = waf;
		};
		000027100000000562001028 /* Build configuration list for PBXLegacyTarget "pebble-app.elf" */ = {
			isa = XCConfigurationList;
			buildConfigurations = (
				000027100000000562001027 /* waf */,
			);
			defaultConfigurationIsVisible = 0;
			defaultConfigurationName = waf;
		};
		000027100000000562001031 /* Build configuration list for PBXLegacyTarget "pebble-app.raw.bin" */ = {
			isa = XCConfigurationList;
			buildConfigurations = (
				000027100000000562001030 /* waf */,
			);
			defaultConfigurationIsVisible = 0;
			defaultConfigurationName = waf;
		};
		000027100000000562001034 /* Build configuration list for PBXLegacyTarget "inject-metadata" */ = {
			isa = XCConfigurationList;
			buildConfigurations = (
				000027100000000562001033 /* waf */,
			);
			defaultConfigurationIsVisible = 0;
			defaultConfigurationName = waf;
		};
		000027100000000562001037 /* Build configuration list for PBXLegacyTarget "PebCiti-Pebble.pbw" */ = {
			isa = XCConfigurationList;
			buildConfigurations = (
				000027100000000562001036 /* waf */,
			);
			defaultConfigurationIsVisible = 0;
			defaultConfigurationName = waf;
		};
		000027100000000562001067 /* Build configuration list for PBXNativeTarget "index_dummy" */ = {
			isa = XCConfigurationList;
			buildConfigurations = (
				000027100000000562001066 /* waf */,
			);
			defaultConfigurationIsVisible = 0;
			defaultConfigurationName = waf;
		};
		000027100000000562001077 /* Build configuration list for PBXNativeTarget "clar_tests" */ = {
			isa = XCConfigurationList;
			buildConfigurations = (
				000027100000000562001076 /* waf */,
			);
			defaultConfigurationIsVisible = 0;
			defaultConfigurationName = waf;
		};
/* End XCConfigurationList section */
	};
	rootObject = 000027100000000562001000 /* Project object */;
}
